// !$*UTF8*$!
{
	archiveVersion = 1;
	classes = {
	};
	objectVersion = 56;
	objects = {

/* Begin PBXBuildFile section */
		134F3BC02FD97003CC008C0E /* libPods-GridImages.a in Frameworks */ = {isa = PBXBuildFile; fileRef = A1EC0EF0D069732F296B0B85 /* libPods-GridImages.a */; };
		68566EE82CA032C000B95ABC /* GridImagesApp.swift in Sources */ = {isa = PBXBuildFile; fileRef = 68566EE72CA032C000B95ABC /* GridImagesApp.swift */; };
		68566EEA2CA032C000B95ABC /* ContentView.swift in Sources */ = {isa = PBXBuildFile; fileRef = 68566EE92CA032C000B95ABC /* ContentView.swift */; };
		68566EEC2CA032C200B95ABC /* Assets.xcassets in Resources */ = {isa = PBXBuildFile; fileRef = 68566EEB2CA032C200B95ABC /* Assets.xcassets */; };
		68566EEF2CA032C200B95ABC /* Preview Assets.xcassets in Resources */ = {isa = PBXBuildFile; fileRef = 68566EEE2CA032C200B95ABC /* Preview Assets.xcassets */; };
		68566F122CA0377400B95ABC /* NetworkManager.swift in Sources */ = {isa = PBXBuildFile; fileRef = 68566F112CA0377400B95ABC /* NetworkManager.swift */; };
		686F17922CAC2BD300135998 /* GridViewModel.swift in Sources */ = {isa = PBXBuildFile; fileRef = 686F17912CAC2BD300135998 /* GridViewModel.swift */; };
		68A7F3712CAD0D030013B77E /* ApplicationManager.swift in Sources */ = {isa = PBXBuildFile; fileRef = 68A7F3702CAD0D030013B77E /* ApplicationManager.swift */; };
		68A7F3772CADBA5C0013B77E /* FullImageView.swift in Sources */ = {isa = PBXBuildFile; fileRef = 68A7F3762CADBA5C0013B77E /* FullImageView.swift */; };
/* End PBXBuildFile section */

/* Begin PBXContainerItemProxy section */
		68566EF52CA032C200B95ABC /* PBXContainerItemProxy */ = {
			isa = PBXContainerItemProxy;
			containerPortal = 68566EDC2CA032C000B95ABC /* Project object */;
			proxyType = 1;
			remoteGlobalIDString = 68566EE32CA032C000B95ABC;
			remoteInfo = GridImages;
		};
		68566EFF2CA032C200B95ABC /* PBXContainerItemProxy */ = {
			isa = PBXContainerItemProxy;
			containerPortal = 68566EDC2CA032C000B95ABC /* Project object */;
			proxyType = 1;
			remoteGlobalIDString = 68566EE32CA032C000B95ABC;
			remoteInfo = GridImages;
		};
/* End PBXContainerItemProxy section */

/* Begin PBXFileReference section */
		565BDF00DCFF851C9B5C6F27 /* Pods-GridImages.release.xcconfig */ = {isa = PBXFileReference; includeInIndex = 1; lastKnownFileType = text.xcconfig; name = "Pods-GridImages.release.xcconfig"; path = "Target Support Files/Pods-GridImages/Pods-GridImages.release.xcconfig"; sourceTree = "<group>"; };
		61D06AFD342CAF05A5D39824 /* Pods-GridImages.debug.xcconfig */ = {isa = PBXFileReference; includeInIndex = 1; lastKnownFileType = text.xcconfig; name = "Pods-GridImages.debug.xcconfig"; path = "Target Support Files/Pods-GridImages/Pods-GridImages.debug.xcconfig"; sourceTree = "<group>"; };
		681C0D732CAF3127009FD5DE /* GridImagesTests.xctest */ = {isa = PBXFileReference; explicitFileType = wrapper.cfbundle; includeInIndex = 0; name = GridImagesTests.xctest; path = "/Users/5craft/Grid-SwiftUI/build/Debug-iphoneos/GridImagesTests.xctest"; sourceTree = "<absolute>"; };
		681C0D742CAF3127009FD5DE /* GridImagesUITests.xctest */ = {isa = PBXFileReference; explicitFileType = wrapper.cfbundle; includeInIndex = 0; name = GridImagesUITests.xctest; path = "/Users/5craft/Grid-SwiftUI/build/Debug-iphoneos/GridImagesUITests.xctest"; sourceTree = "<absolute>"; };
		68566EE72CA032C000B95ABC /* GridImagesApp.swift */ = {isa = PBXFileReference; lastKnownFileType = sourcecode.swift; path = GridImagesApp.swift; sourceTree = "<group>"; };
		68566EE92CA032C000B95ABC /* ContentView.swift */ = {isa = PBXFileReference; lastKnownFileType = sourcecode.swift; path = ContentView.swift; sourceTree = "<group>"; };
		68566EEB2CA032C200B95ABC /* Assets.xcassets */ = {isa = PBXFileReference; lastKnownFileType = folder.assetcatalog; path = Assets.xcassets; sourceTree = "<group>"; };
		68566EEE2CA032C200B95ABC /* Preview Assets.xcassets */ = {isa = PBXFileReference; lastKnownFileType = folder.assetcatalog; path = "Preview Assets.xcassets"; sourceTree = "<group>"; };
		68566F112CA0377400B95ABC /* NetworkManager.swift */ = {isa = PBXFileReference; lastKnownFileType = sourcecode.swift; path = NetworkManager.swift; sourceTree = "<group>"; };
		686F17912CAC2BD300135998 /* GridViewModel.swift */ = {isa = PBXFileReference; lastKnownFileType = sourcecode.swift; path = GridViewModel.swift; sourceTree = "<group>"; };
		68A7F3702CAD0D030013B77E /* ApplicationManager.swift */ = {isa = PBXFileReference; lastKnownFileType = sourcecode.swift; path = ApplicationManager.swift; sourceTree = "<group>"; };
		68A7F3732CAD11930013B77E /* GridImages.app */ = {isa = PBXFileReference; explicitFileType = wrapper.application; includeInIndex = 0; path = GridImages.app; sourceTree = BUILT_PRODUCTS_DIR; };
		68A7F3762CADBA5C0013B77E /* FullImageView.swift */ = {isa = PBXFileReference; lastKnownFileType = sourcecode.swift; path = FullImageView.swift; sourceTree = "<group>"; };
		A1EC0EF0D069732F296B0B85 /* libPods-GridImages.a */ = {isa = PBXFileReference; explicitFileType = archive.ar; includeInIndex = 0; path = "libPods-GridImages.a"; sourceTree = BUILT_PRODUCTS_DIR; };
/* End PBXFileReference section */

/* Begin PBXFrameworksBuildPhase section */
		68566EE12CA032C000B95ABC /* Frameworks */ = {
			isa = PBXFrameworksBuildPhase;
			buildActionMask = 2147483647;
			files = (
				134F3BC02FD97003CC008C0E /* libPods-GridImages.a in Frameworks */,
			);
			runOnlyForDeploymentPostprocessing = 0;
		};
		68566EF12CA032C200B95ABC /* Frameworks */ = {
			isa = PBXFrameworksBuildPhase;
			buildActionMask = 2147483647;
			files = (
			);
			runOnlyForDeploymentPostprocessing = 0;
		};
		68566EFB2CA032C200B95ABC /* Frameworks */ = {
			isa = PBXFrameworksBuildPhase;
			buildActionMask = 2147483647;
			files = (
			);
			runOnlyForDeploymentPostprocessing = 0;
		};
/* End PBXFrameworksBuildPhase section */

/* Begin PBXGroup section */
		3D2A9E708F6D65A0FE2461FF /* Pods */ = {
			isa = PBXGroup;
			children = (
				61D06AFD342CAF05A5D39824 /* Pods-GridImages.debug.xcconfig */,
				565BDF00DCFF851C9B5C6F27 /* Pods-GridImages.release.xcconfig */,
			);
			path = Pods;
			sourceTree = "<group>";
		};
		68566EDB2CA032C000B95ABC = {
			isa = PBXGroup;
			children = (
				68A7F3722CAD0FC80013B77E /* Managers */,
				68566EE62CA032C000B95ABC /* GridImages */,
				3D2A9E708F6D65A0FE2461FF /* Pods */,
				D9778D96E5E8B482AC01B440 /* Frameworks */,
				68A7F3732CAD11930013B77E /* GridImages.app */,
			);
			sourceTree = "<group>";
		};
		68566EE62CA032C000B95ABC /* GridImages */ = {
			isa = PBXGroup;
			children = (
				68566EE72CA032C000B95ABC /* GridImagesApp.swift */,
				68BB2A132CAF2BEA00CA37FB /* View */,
				68BB2A122CAF2BB400CA37FB /* Model */,
				68566EEB2CA032C200B95ABC /* Assets.xcassets */,
				68566EED2CA032C200B95ABC /* Preview Content */,
			);
			path = GridImages;
			sourceTree = "<group>";
		};
		68566EED2CA032C200B95ABC /* Preview Content */ = {
			isa = PBXGroup;
			children = (
				68566EEE2CA032C200B95ABC /* Preview Assets.xcassets */,
			);
			path = "Preview Content";
			sourceTree = "<group>";
		};
		68A7F3722CAD0FC80013B77E /* Managers */ = {
			isa = PBXGroup;
			children = (
				68A7F3702CAD0D030013B77E /* ApplicationManager.swift */,
				68566F112CA0377400B95ABC /* NetworkManager.swift */,
			);
			path = Managers;
			sourceTree = "<group>";
		};
		68BB2A122CAF2BB400CA37FB /* Model */ = {
			isa = PBXGroup;
			children = (
				686F17912CAC2BD300135998 /* GridViewModel.swift */,
			);
			path = Model;
			sourceTree = "<group>";
		};
		68BB2A132CAF2BEA00CA37FB /* View */ = {
			isa = PBXGroup;
			children = (
				68566EE92CA032C000B95ABC /* ContentView.swift */,
				68A7F3762CADBA5C0013B77E /* FullImageView.swift */,
			);
			path = View;
			sourceTree = "<group>";
		};
		D9778D96E5E8B482AC01B440 /* Frameworks */ = {
			isa = PBXGroup;
			children = (
				A1EC0EF0D069732F296B0B85 /* libPods-GridImages.a */,
			);
			name = Frameworks;
			sourceTree = "<group>";
		};
/* End PBXGroup section */

/* Begin PBXNativeTarget section */
		68566EE32CA032C000B95ABC /* GridImages */ = {
			isa = PBXNativeTarget;
			buildConfigurationList = 68566F082CA032C200B95ABC /* Build configuration list for PBXNativeTarget "GridImages" */;
			buildPhases = (
				902E03FC8C3AEF49605EEF76 /* [CP] Check Pods Manifest.lock */,
				68566EE02CA032C000B95ABC /* Sources */,
				68566EE12CA032C000B95ABC /* Frameworks */,
				68566EE22CA032C000B95ABC /* Resources */,
				BEEF0FE00ACF2CDF12C205EA /* [CP] Copy Pods Resources */,
			);
			buildRules = (
			);
			dependencies = (
			);
			name = GridImages;
			productName = GridImages;
			productReference = 68A7F3732CAD11930013B77E /* GridImages.app */;
			productType = "com.apple.product-type.application";
		};
		68566EF32CA032C200B95ABC /* GridImagesTests */ = {
			isa = PBXNativeTarget;
			buildConfigurationList = 68566F0B2CA032C200B95ABC /* Build configuration list for PBXNativeTarget "GridImagesTests" */;
			buildPhases = (
				68566EF02CA032C200B95ABC /* Sources */,
				68566EF12CA032C200B95ABC /* Frameworks */,
				68566EF22CA032C200B95ABC /* Resources */,
			);
			buildRules = (
			);
			dependencies = (
				68566EF62CA032C200B95ABC /* PBXTargetDependency */,
			);
			name = GridImagesTests;
			productName = GridImagesTests;
			productReference = 681C0D732CAF3127009FD5DE /* GridImagesTests.xctest */;
			productType = "com.apple.product-type.bundle.unit-test";
		};
		68566EFD2CA032C200B95ABC /* GridImagesUITests */ = {
			isa = PBXNativeTarget;
			buildConfigurationList = 68566F0E2CA032C200B95ABC /* Build configuration list for PBXNativeTarget "GridImagesUITests" */;
			buildPhases = (
				68566EFA2CA032C200B95ABC /* Sources */,
				68566EFB2CA032C200B95ABC /* Frameworks */,
				68566EFC2CA032C200B95ABC /* Resources */,
			);
			buildRules = (
			);
			dependencies = (
				68566F002CA032C200B95ABC /* PBXTargetDependency */,
			);
			name = GridImagesUITests;
			productName = GridImagesUITests;
			productReference = 681C0D742CAF3127009FD5DE /* GridImagesUITests.xctest */;
			productType = "com.apple.product-type.bundle.ui-testing";
		};
/* End PBXNativeTarget section */

/* Begin PBXProject section */
		68566EDC2CA032C000B95ABC /* Project object */ = {
			isa = PBXProject;
			attributes = {
				BuildIndependentTargetsInParallel = 1;
				LastSwiftUpdateCheck = 1520;
				LastUpgradeCheck = 1520;
				TargetAttributes = {
					68566EE32CA032C000B95ABC = {
						CreatedOnToolsVersion = 15.2;
					};
					68566EF32CA032C200B95ABC = {
						CreatedOnToolsVersion = 15.2;
						TestTargetID = 68566EE32CA032C000B95ABC;
					};
					68566EFD2CA032C200B95ABC = {
						CreatedOnToolsVersion = 15.2;
						TestTargetID = 68566EE32CA032C000B95ABC;
					};
				};
			};
			buildConfigurationList = 68566EDF2CA032C000B95ABC /* Build configuration list for PBXProject "GridImages" */;
			compatibilityVersion = "Xcode 14.0";
			developmentRegion = en;
			hasScannedForEncodings = 0;
			knownRegions = (
				en,
				Base,
			);
			mainGroup = 68566EDB2CA032C000B95ABC;
			productRefGroup = 68566EDB2CA032C000B95ABC;
			projectDirPath = "";
			projectRoot = "";
			targets = (
				68566EE32CA032C000B95ABC /* GridImages */,
				68566EF32CA032C200B95ABC /* GridImagesTests */,
				68566EFD2CA032C200B95ABC /* GridImagesUITests */,
			);
		};
/* End PBXProject section */

/* Begin PBXResourcesBuildPhase section */
		68566EE22CA032C000B95ABC /* Resources */ = {
			isa = PBXResourcesBuildPhase;
			buildActionMask = 2147483647;
			files = (
				68566EEF2CA032C200B95ABC /* Preview Assets.xcassets in Resources */,
				68566EEC2CA032C200B95ABC /* Assets.xcassets in Resources */,
			);
			runOnlyForDeploymentPostprocessing = 0;
		};
		68566EF22CA032C200B95ABC /* Resources */ = {
			isa = PBXResourcesBuildPhase;
			buildActionMask = 2147483647;
			files = (
			);
			runOnlyForDeploymentPostprocessing = 0;
		};
		68566EFC2CA032C200B95ABC /* Resources */ = {
			isa = PBXResourcesBuildPhase;
			buildActionMask = 2147483647;
			files = (
			);
			runOnlyForDeploymentPostprocessing = 0;
		};
/* End PBXResourcesBuildPhase section */

/* Begin PBXShellScriptBuildPhase section */
		902E03FC8C3AEF49605EEF76 /* [CP] Check Pods Manifest.lock */ = {
			isa = PBXShellScriptBuildPhase;
			buildActionMask = 2147483647;
			files = (
			);
			inputFileListPaths = (
			);
			inputPaths = (
				"${PODS_PODFILE_DIR_PATH}/Podfile.lock",
				"${PODS_ROOT}/Manifest.lock",
			);
			name = "[CP] Check Pods Manifest.lock";
			outputFileListPaths = (
			);
			outputPaths = (
				"$(DERIVED_FILE_DIR)/Pods-GridImages-checkManifestLockResult.txt",
			);
			runOnlyForDeploymentPostprocessing = 0;
			shellPath = /bin/sh;
			shellScript = "diff \"${PODS_PODFILE_DIR_PATH}/Podfile.lock\" \"${PODS_ROOT}/Manifest.lock\" > /dev/null\nif [ $? != 0 ] ; then\n    # print error to STDERR\n    echo \"error: The sandbox is not in sync with the Podfile.lock. Run 'pod install' or update your CocoaPods installation.\" >&2\n    exit 1\nfi\n# This output is used by Xcode 'outputs' to avoid re-running this script phase.\necho \"SUCCESS\" > \"${SCRIPT_OUTPUT_FILE_0}\"\n";
			showEnvVarsInLog = 0;
		};
		BEEF0FE00ACF2CDF12C205EA /* [CP] Copy Pods Resources */ = {
			isa = PBXShellScriptBuildPhase;
			buildActionMask = 2147483647;
			files = (
			);
			inputFileListPaths = (
				"${PODS_ROOT}/Target Support Files/Pods-GridImages/Pods-GridImages-resources-${CONFIGURATION}-input-files.xcfilelist",
			);
			name = "[CP] Copy Pods Resources";
			outputFileListPaths = (
				"${PODS_ROOT}/Target Support Files/Pods-GridImages/Pods-GridImages-resources-${CONFIGURATION}-output-files.xcfilelist",
			);
			runOnlyForDeploymentPostprocessing = 0;
			shellPath = /bin/sh;
			shellScript = "\"${PODS_ROOT}/Target Support Files/Pods-GridImages/Pods-GridImages-resources.sh\"\n";
			showEnvVarsInLog = 0;
		};
/* End PBXShellScriptBuildPhase section */

/* Begin PBXSourcesBuildPhase section */
		68566EE02CA032C000B95ABC /* Sources */ = {
			isa = PBXSourcesBuildPhase;
			buildActionMask = 2147483647;
			files = (
				68A7F3712CAD0D030013B77E /* ApplicationManager.swift in Sources */,
				686F17922CAC2BD300135998 /* GridViewModel.swift in Sources */,
				68566EEA2CA032C000B95ABC /* ContentView.swift in Sources */,
				68A7F3772CADBA5C0013B77E /* FullImageView.swift in Sources */,
				68566F122CA0377400B95ABC /* NetworkManager.swift in Sources */,
				68566EE82CA032C000B95ABC /* GridImagesApp.swift in Sources */,
			);
			runOnlyForDeploymentPostprocessing = 0;
		};
		68566EF02CA032C200B95ABC /* Sources */ = {
			isa = PBXSourcesBuildPhase;
			buildActionMask = 2147483647;
			files = (
			);
			runOnlyForDeploymentPostprocessing = 0;
		};
		68566EFA2CA032C200B95ABC /* Sources */ = {
			isa = PBXSourcesBuildPhase;
			buildActionMask = 2147483647;
			files = (
			);
			runOnlyForDeploymentPostprocessing = 0;
		};
/* End PBXSourcesBuildPhase section */

/* Begin PBXTargetDependency section */
		68566EF62CA032C200B95ABC /* PBXTargetDependency */ = {
			isa = PBXTargetDependency;
			target = 68566EE32CA032C000B95ABC /* GridImages */;
			targetProxy = 68566EF52CA032C200B95ABC /* PBXContainerItemProxy */;
		};
		68566F002CA032C200B95ABC /* PBXTargetDependency */ = {
			isa = PBXTargetDependency;
			target = 68566EE32CA032C000B95ABC /* GridImages */;
			targetProxy = 68566EFF2CA032C200B95ABC /* PBXContainerItemProxy */;
		};
/* End PBXTargetDependency section */

/* Begin XCBuildConfiguration section */
		68566F062CA032C200B95ABC /* Debug */ = {
			isa = XCBuildConfiguration;
			buildSettings = {
				ALWAYS_SEARCH_USER_PATHS = NO;
				ASSETCATALOG_COMPILER_GENERATE_SWIFT_ASSET_SYMBOL_EXTENSIONS = YES;
				CLANG_ANALYZER_NONNULL = YES;
				CLANG_ANALYZER_NUMBER_OBJECT_CONVERSION = YES_AGGRESSIVE;
				CLANG_CXX_LANGUAGE_STANDARD = "gnu++20";
				CLANG_ENABLE_MODULES = YES;
				CLANG_ENABLE_OBJC_ARC = YES;
				CLANG_ENABLE_OBJC_WEAK = YES;
				CLANG_WARN_BLOCK_CAPTURE_AUTORELEASING = YES;
				CLANG_WARN_BOOL_CONVERSION = YES;
				CLANG_WARN_COMMA = YES;
				CLANG_WARN_CONSTANT_CONVERSION = YES;
				CLANG_WARN_DEPRECATED_OBJC_IMPLEMENTATIONS = YES;
				CLANG_WARN_DIRECT_OBJC_ISA_USAGE = YES_ERROR;
				CLANG_WARN_DOCUMENTATION_COMMENTS = YES;
				CLANG_WARN_EMPTY_BODY = YES;
				CLANG_WARN_ENUM_CONVERSION = YES;
				CLANG_WARN_INFINITE_RECURSION = YES;
				CLANG_WARN_INT_CONVERSION = YES;
				CLANG_WARN_NON_LITERAL_NULL_CONVERSION = YES;
				CLANG_WARN_OBJC_IMPLICIT_RETAIN_SELF = YES;
				CLANG_WARN_OBJC_LITERAL_CONVERSION = YES;
				CLANG_WARN_OBJC_ROOT_CLASS = YES_ERROR;
				CLANG_WARN_QUOTED_INCLUDE_IN_FRAMEWORK_HEADER = YES;
				CLANG_WARN_RANGE_LOOP_ANALYSIS = YES;
				CLANG_WARN_STRICT_PROTOTYPES = YES;
				CLANG_WARN_SUSPICIOUS_MOVE = YES;
				CLANG_WARN_UNGUARDED_AVAILABILITY = YES_AGGRESSIVE;
				CLANG_WARN_UNREACHABLE_CODE = YES;
				CLANG_WARN__DUPLICATE_METHOD_MATCH = YES;
				COPY_PHASE_STRIP = NO;
				DEBUG_INFORMATION_FORMAT = dwarf;
				ENABLE_STRICT_OBJC_MSGSEND = YES;
				ENABLE_TESTABILITY = YES;
				ENABLE_USER_SCRIPT_SANDBOXING = NO;
				GCC_C_LANGUAGE_STANDARD = gnu17;
				GCC_DYNAMIC_NO_PIC = NO;
				GCC_NO_COMMON_BLOCKS = YES;
				GCC_OPTIMIZATION_LEVEL = 0;
				GCC_PREPROCESSOR_DEFINITIONS = (
					"DEBUG=1",
					"$(inherited)",
				);
				GCC_WARN_64_TO_32_BIT_CONVERSION = YES;
				GCC_WARN_ABOUT_RETURN_TYPE = YES_ERROR;
				GCC_WARN_UNDECLARED_SELECTOR = YES;
				GCC_WARN_UNINITIALIZED_AUTOS = YES_AGGRESSIVE;
				GCC_WARN_UNUSED_FUNCTION = YES;
				GCC_WARN_UNUSED_VARIABLE = YES;
				IPHONEOS_DEPLOYMENT_TARGET = 17.2;
				LOCALIZATION_PREFERS_STRING_CATALOGS = YES;
				MTL_ENABLE_DEBUG_INFO = INCLUDE_SOURCE;
				MTL_FAST_MATH = YES;
				ONLY_ACTIVE_ARCH = YES;
				SDKROOT = iphoneos;
				SWIFT_ACTIVE_COMPILATION_CONDITIONS = "DEBUG $(inherited)";
				SWIFT_OPTIMIZATION_LEVEL = "-Onone";
			};
			name = Debug;
		};
		68566F072CA032C200B95ABC /* Release */ = {
			isa = XCBuildConfiguration;
			buildSettings = {
				ALWAYS_SEARCH_USER_PATHS = NO;
				ASSETCATALOG_COMPILER_GENERATE_SWIFT_ASSET_SYMBOL_EXTENSIONS = YES;
				CLANG_ANALYZER_NONNULL = YES;
				CLANG_ANALYZER_NUMBER_OBJECT_CONVERSION = YES_AGGRESSIVE;
				CLANG_CXX_LANGUAGE_STANDARD = "gnu++20";
				CLANG_ENABLE_MODULES = YES;
				CLANG_ENABLE_OBJC_ARC = YES;
				CLANG_ENABLE_OBJC_WEAK = YES;
				CLANG_WARN_BLOCK_CAPTURE_AUTORELEASING = YES;
				CLANG_WARN_BOOL_CONVERSION = YES;
				CLANG_WARN_COMMA = YES;
				CLANG_WARN_CONSTANT_CONVERSION = YES;
				CLANG_WARN_DEPRECATED_OBJC_IMPLEMENTATIONS = YES;
				CLANG_WARN_DIRECT_OBJC_ISA_USAGE = YES_ERROR;
				CLANG_WARN_DOCUMENTATION_COMMENTS = YES;
				CLANG_WARN_EMPTY_BODY = YES;
				CLANG_WARN_ENUM_CONVERSION = YES;
				CLANG_WARN_INFINITE_RECURSION = YES;
				CLANG_WARN_INT_CONVERSION = YES;
				CLANG_WARN_NON_LITERAL_NULL_CONVERSION = YES;
				CLANG_WARN_OBJC_IMPLICIT_RETAIN_SELF = YES;
				CLANG_WARN_OBJC_LITERAL_CONVERSION = YES;
				CLANG_WARN_OBJC_ROOT_CLASS = YES_ERROR;
				CLANG_WARN_QUOTED_INCLUDE_IN_FRAMEWORK_HEADER = YES;
				CLANG_WARN_RANGE_LOOP_ANALYSIS = YES;
				CLANG_WARN_STRICT_PROTOTYPES = YES;
				CLANG_WARN_SUSPICIOUS_MOVE = YES;
				CLANG_WARN_UNGUARDED_AVAILABILITY = YES_AGGRESSIVE;
				CLANG_WARN_UNREACHABLE_CODE = YES;
				CLANG_WARN__DUPLICATE_METHOD_MATCH = YES;
				COPY_PHASE_STRIP = NO;
				DEBUG_INFORMATION_FORMAT = "dwarf-with-dsym";
				ENABLE_NS_ASSERTIONS = NO;
				ENABLE_STRICT_OBJC_MSGSEND = YES;
				ENABLE_USER_SCRIPT_SANDBOXING = NO;
				GCC_C_LANGUAGE_STANDARD = gnu17;
				GCC_NO_COMMON_BLOCKS = YES;
				GCC_WARN_64_TO_32_BIT_CONVERSION = YES;
				GCC_WARN_ABOUT_RETURN_TYPE = YES_ERROR;
				GCC_WARN_UNDECLARED_SELECTOR = YES;
				GCC_WARN_UNINITIALIZED_AUTOS = YES_AGGRESSIVE;
				GCC_WARN_UNUSED_FUNCTION = YES;
				GCC_WARN_UNUSED_VARIABLE = YES;
				IPHONEOS_DEPLOYMENT_TARGET = 17.2;
				LOCALIZATION_PREFERS_STRING_CATALOGS = YES;
				MTL_ENABLE_DEBUG_INFO = NO;
				MTL_FAST_MATH = YES;
				SDKROOT = iphoneos;
				SWIFT_COMPILATION_MODE = wholemodule;
				VALIDATE_PRODUCT = YES;
			};
			name = Release;
		};
		68566F092CA032C200B95ABC /* Debug */ = {
			isa = XCBuildConfiguration;
			baseConfigurationReference = 61D06AFD342CAF05A5D39824 /* Pods-GridImages.debug.xcconfig */;
			buildSettings = {
				ASSETCATALOG_COMPILER_APPICON_NAME = AppIcon;
				ASSETCATALOG_COMPILER_GLOBAL_ACCENT_COLOR_NAME = AccentColor;
				CODE_SIGN_STYLE = Automatic;
				CURRENT_PROJECT_VERSION = 1;
				DEVELOPMENT_ASSET_PATHS = "\"GridImages/Preview Content\"";
				DEVELOPMENT_TEAM = HV42WC9YAP;
				ENABLE_PREVIEWS = YES;
				GENERATE_INFOPLIST_FILE = YES;
				INFOPLIST_KEY_UIApplicationSceneManifest_Generation = YES;
				INFOPLIST_KEY_UIApplicationSupportsIndirectInputEvents = YES;
				INFOPLIST_KEY_UILaunchScreen_Generation = YES;
				INFOPLIST_KEY_UISupportedInterfaceOrientations_iPad = "UIInterfaceOrientationPortrait UIInterfaceOrientationPortraitUpsideDown UIInterfaceOrientationLandscapeLeft UIInterfaceOrientationLandscapeRight";
				INFOPLIST_KEY_UISupportedInterfaceOrientations_iPhone = "UIInterfaceOrientationPortrait UIInterfaceOrientationLandscapeLeft UIInterfaceOrientationLandscapeRight";
				LD_RUNPATH_SEARCH_PATHS = (
					"$(inherited)",
					"@executable_path/Frameworks",
				);
				MARKETING_VERSION = 1.0;
				PRODUCT_BUNDLE_IDENTIFIER = rrsrk.GridImages;
				PRODUCT_NAME = "$(TARGET_NAME)";
				SWIFT_EMIT_LOC_STRINGS = YES;
				SWIFT_VERSION = 5.0;
				TARGETED_DEVICE_FAMILY = "1,2";
			};
			name = Debug;
		};
		68566F0A2CA032C200B95ABC /* Release */ = {
			isa = XCBuildConfiguration;
			baseConfigurationReference = 565BDF00DCFF851C9B5C6F27 /* Pods-GridImages.release.xcconfig */;
			buildSettings = {
				ASSETCATALOG_COMPILER_APPICON_NAME = AppIcon;
				ASSETCATALOG_COMPILER_GLOBAL_ACCENT_COLOR_NAME = AccentColor;
				CODE_SIGN_STYLE = Automatic;
				CURRENT_PROJECT_VERSION = 1;
				DEVELOPMENT_ASSET_PATHS = "\"GridImages/Preview Content\"";
				DEVELOPMENT_TEAM = HV42WC9YAP;
				ENABLE_PREVIEWS = YES;
				GENERATE_INFOPLIST_FILE = YES;
				INFOPLIST_KEY_UIApplicationSceneManifest_Generation = YES;
				INFOPLIST_KEY_UIApplicationSupportsIndirectInputEvents = YES;
				INFOPLIST_KEY_UILaunchScreen_Generation = YES;
				INFOPLIST_KEY_UISupportedInterfaceOrientations_iPad = "UIInterfaceOrientationPortrait UIInterfaceOrientationPortraitUpsideDown UIInterfaceOrientationLandscapeLeft UIInterfaceOrientationLandscapeRight";
				INFOPLIST_KEY_UISupportedInterfaceOrientations_iPhone = "UIInterfaceOrientationPortrait UIInterfaceOrientationLandscapeLeft UIInterfaceOrientationLandscapeRight";
				LD_RUNPATH_SEARCH_PATHS = (
					"$(inherited)",
					"@executable_path/Frameworks",
				);
				MARKETING_VERSION = 1.0;
				PRODUCT_BUNDLE_IDENTIFIER = rrsrk.GridImages;
				PRODUCT_NAME = "$(TARGET_NAME)";
				SWIFT_EMIT_LOC_STRINGS = YES;
				SWIFT_VERSION = 5.0;
				TARGETED_DEVICE_FAMILY = "1,2";
			};
			name = Release;
		};
		68566F0C2CA032C200B95ABC /* Debug */ = {
			isa = XCBuildConfiguration;
			buildSettings = {
				ALWAYS_EMBED_SWIFT_STANDARD_LIBRARIES = YES;
				BUNDLE_LOADER = "$(TEST_HOST)";
				CODE_SIGN_STYLE = Automatic;
				CURRENT_PROJECT_VERSION = 1;
				DEVELOPMENT_TEAM = HV42WC9YAP;
				GENERATE_INFOPLIST_FILE = YES;
				IPHONEOS_DEPLOYMENT_TARGET = 17.2;
				MARKETING_VERSION = 1.0;
				PRODUCT_BUNDLE_IDENTIFIER = rrsrk.GridImagesTests;
				PRODUCT_NAME = "$(TARGET_NAME)";
				SWIFT_EMIT_LOC_STRINGS = NO;
				SWIFT_VERSION = 5.0;
				TARGETED_DEVICE_FAMILY = "1,2";
				TEST_HOST = "$(BUILT_PRODUCTS_DIR)/GridImages.app/$(BUNDLE_EXECUTABLE_FOLDER_PATH)/GridImages";
			};
			name = Debug;
		};
		68566F0D2CA032C200B95ABC /* Release */ = {
			isa = XCBuildConfiguration;
			buildSettings = {
				ALWAYS_EMBED_SWIFT_STANDARD_LIBRARIES = YES;
				BUNDLE_LOADER = "$(TEST_HOST)";
				CODE_SIGN_STYLE = Automatic;
				CURRENT_PROJECT_VERSION = 1;
				DEVELOPMENT_TEAM = HV42WC9YAP;
				GENERATE_INFOPLIST_FILE = YES;
				IPHONEOS_DEPLOYMENT_TARGET = 17.2;
				MARKETING_VERSION = 1.0;
				PRODUCT_BUNDLE_IDENTIFIER = rrsrk.GridImagesTests;
				PRODUCT_NAME = "$(TARGET_NAME)";
				SWIFT_EMIT_LOC_STRINGS = NO;
				SWIFT_VERSION = 5.0;
				TARGETED_DEVICE_FAMILY = "1,2";
				TEST_HOST = "$(BUILT_PRODUCTS_DIR)/GridImages.app/$(BUNDLE_EXECUTABLE_FOLDER_PATH)/GridImages";
			};
			name = Release;
		};
		68566F0F2CA032C200B95ABC /* Debug */ = {
			isa = XCBuildConfiguration;
			buildSettings = {
				ALWAYS_EMBED_SWIFT_STANDARD_LIBRARIES = YES;
				CODE_SIGN_STYLE = Automatic;
				CURRENT_PROJECT_VERSION = 1;
				DEVELOPMENT_TEAM = HV42WC9YAP;
				GENERATE_INFOPLIST_FILE = YES;
				MARKETING_VERSION = 1.0;
				PRODUCT_BUNDLE_IDENTIFIER = rrsrk.GridImagesUITests;
				PRODUCT_NAME = "$(TARGET_NAME)";
				SWIFT_EMIT_LOC_STRINGS = NO;
				SWIFT_VERSION = 5.0;
				TARGETED_DEVICE_FAMILY = "1,2";
				TEST_TARGET_NAME = GridImages;
			};
			name = Debug;
		};
		68566F102CA032C200B95ABC /* Release */ = {
			isa = XCBuildConfiguration;
			buildSettings = {
				ALWAYS_EMBED_SWIFT_STANDARD_LIBRARIES = YES;
				CODE_SIGN_STYLE = Automatic;
				CURRENT_PROJECT_VERSION = 1;
				DEVELOPMENT_TEAM = HV42WC9YAP;
				GENERATE_INFOPLIST_FILE = YES;
				MARKETING_VERSION = 1.0;
				PRODUCT_BUNDLE_IDENTIFIER = rrsrk.GridImagesUITests;
				PRODUCT_NAME = "$(TARGET_NAME)";
				SWIFT_EMIT_LOC_STRINGS = NO;
				SWIFT_VERSION = 5.0;
				TARGETED_DEVICE_FAMILY = "1,2";
				TEST_TARGET_NAME = GridImages;
			};
			name = Release;
		};
/* End XCBuildConfiguration section */

/* Begin XCConfigurationList section */
		68566EDF2CA032C000B95ABC /* Build configuration list for PBXProject "GridImages" */ = {
			isa = XCConfigurationList;
			buildConfigurations = (
				68566F062CA032C200B95ABC /* Debug */,
				68566F072CA032C200B95ABC /* Release */,
			);
			defaultConfigurationIsVisible = 0;
			defaultConfigurationName = Release;
		};
		68566F082CA032C200B95ABC /* Build configuration list for PBXNativeTarget "GridImages" */ = {
			isa = XCConfigurationList;
			buildConfigurations = (
				68566F092CA032C200B95ABC /* Debug */,
				68566F0A2CA032C200B95ABC /* Release */,
			);
			defaultConfigurationIsVisible = 0;
			defaultConfigurationName = Release;
		};
		68566F0B2CA032C200B95ABC /* Build configuration list for PBXNativeTarget "GridImagesTests" */ = {
			isa = XCConfigurationList;
			buildConfigurations = (
				68566F0C2CA032C200B95ABC /* Debug */,
				68566F0D2CA032C200B95ABC /* Release */,
			);
			defaultConfigurationIsVisible = 0;
			defaultConfigurationName = Release;
		};
		68566F0E2CA032C200B95ABC /* Build configuration list for PBXNativeTarget "GridImagesUITests" */ = {
			isa = XCConfigurationList;
			buildConfigurations = (
				68566F0F2CA032C200B95ABC /* Debug */,
				68566F102CA032C200B95ABC /* Release */,
			);
			defaultConfigurationIsVisible = 0;
			defaultConfigurationName = Release;
		};
/* End XCConfigurationList section */
	};
	rootObject = 68566EDC2CA032C000B95ABC /* Project object */;
}
